// !$*UTF8*$!
{
	archiveVersion = 1;
	classes = {
	};
	objectVersion = 56;
	objects = {

/* Begin PBXBuildFile section */
		40AF62F12C69177B005C4393 /* Human_Apps_Test_UI.h in Headers */ = {isa = PBXBuildFile; fileRef = 40AF62F02C69177B005C4393 /* Human_Apps_Test_UI.h */; settings = {ATTRIBUTES = (Public, ); }; };
		40AF62FB2C691A9E005C4393 /* TabBarViewController.swift in Sources */ = {isa = PBXBuildFile; fileRef = 40AF62FA2C691A9E005C4393 /* TabBarViewController.swift */; };
		40AF63072C691C9F005C4393 /* MainRouter.swift in Sources */ = {isa = PBXBuildFile; fileRef = 40AF63062C691C9F005C4393 /* MainRouter.swift */; };
		40AF630F2C691F17005C4393 /* PhotoPickerPresenter.swift in Sources */ = {isa = PBXBuildFile; fileRef = 40AF630E2C691F17005C4393 /* PhotoPickerPresenter.swift */; };
		40AF63132C691F5D005C4393 /* MainRouterViewModel.swift in Sources */ = {isa = PBXBuildFile; fileRef = 40AF63122C691F5D005C4393 /* MainRouterViewModel.swift */; };
		40AF63162C691F6C005C4393 /* MainRouterVM+PhotoPickerPresenter.swift in Sources */ = {isa = PBXBuildFile; fileRef = 40AF63152C691F6C005C4393 /* MainRouterVM+PhotoPickerPresenter.swift */; };
		40AF631B2C692073005C4393 /* MainViewControllerView.swift in Sources */ = {isa = PBXBuildFile; fileRef = 40AF631A2C692073005C4393 /* MainViewControllerView.swift */; };
		40AF631D2C69207A005C4393 /* MainViewController.swift in Sources */ = {isa = PBXBuildFile; fileRef = 40AF631C2C69207A005C4393 /* MainViewController.swift */; };
		40AF631F2C692080005C4393 /* MainViewModel.swift in Sources */ = {isa = PBXBuildFile; fileRef = 40AF631E2C692080005C4393 /* MainViewModel.swift */; };
		40AF63242C6922C3005C4393 /* SystemAlertPresenter.swift in Sources */ = {isa = PBXBuildFile; fileRef = 40AF63232C6922C3005C4393 /* SystemAlertPresenter.swift */; };
		40AF63272C6922FC005C4393 /* Typealiases.swift in Sources */ = {isa = PBXBuildFile; fileRef = 40AF63262C6922FC005C4393 /* Typealiases.swift */; };
		40AF632E2C692351005C4393 /* SettingsRouterVM+SystemAlertPresenter.swift in Sources */ = {isa = PBXBuildFile; fileRef = 40AF632D2C692351005C4393 /* SettingsRouterVM+SystemAlertPresenter.swift */; };
		40AF63302C69235A005C4393 /* SettingsRouterViewModel.swift in Sources */ = {isa = PBXBuildFile; fileRef = 40AF632F2C69235A005C4393 /* SettingsRouterViewModel.swift */; };
		40AF63322C692360005C4393 /* SettingsRouter.swift in Sources */ = {isa = PBXBuildFile; fileRef = 40AF63312C692360005C4393 /* SettingsRouter.swift */; };
		40AF63382C6924B5005C4393 /* SettingsMainViewModel.swift in Sources */ = {isa = PBXBuildFile; fileRef = 40AF63372C6924B5005C4393 /* SettingsMainViewModel.swift */; };
		40AF633B2C6924C3005C4393 /* SettingsMainVM+Navigation.swift in Sources */ = {isa = PBXBuildFile; fileRef = 40AF633A2C6924C3005C4393 /* SettingsMainVM+Navigation.swift */; };
		40AF633D2C692522005C4393 /* MainVM+Navigation.swift in Sources */ = {isa = PBXBuildFile; fileRef = 40AF633C2C692522005C4393 /* MainVM+Navigation.swift */; };
		40AF63412C692571005C4393 /* SettingsMainViewControllerView.swift in Sources */ = {isa = PBXBuildFile; fileRef = 40AF63402C692571005C4393 /* SettingsMainViewControllerView.swift */; };
		40AF63432C692583005C4393 /* SettingsMainViewController.swift in Sources */ = {isa = PBXBuildFile; fileRef = 40AF63422C692583005C4393 /* SettingsMainViewController.swift */; };
		40AF63652C692772005C4393 /* Human_Apps_Test_Core.framework in Frameworks */ = {isa = PBXBuildFile; fileRef = 40AF63642C692772005C4393 /* Human_Apps_Test_Core.framework */; };
		40AF63692C6929DD005C4393 /* MainVM+PhotoPicker.swift in Sources */ = {isa = PBXBuildFile; fileRef = 40AF63682C6929DD005C4393 /* MainVM+PhotoPicker.swift */; };
		40AF636B2C692B5C005C4393 /* MainRouterVM+SystemAlertPresenter.swift in Sources */ = {isa = PBXBuildFile; fileRef = 40AF636A2C692B5C005C4393 /* MainRouterVM+SystemAlertPresenter.swift */; };
		40F415112C6E51EA008B2CD5 /* HighlightedButton.swift in Sources */ = {isa = PBXBuildFile; fileRef = 40F415102C6E51EA008B2CD5 /* HighlightedButton.swift */; };
		40F415152C6E5C3D008B2CD5 /* MainViewWithImage.swift in Sources */ = {isa = PBXBuildFile; fileRef = 40F415142C6E5C3D008B2CD5 /* MainViewWithImage.swift */; };
/* End PBXBuildFile section */

/* Begin PBXFileReference section */
		40AF62ED2C69177B005C4393 /* Human_Apps_Test_UI.framework */ = {isa = PBXFileReference; explicitFileType = wrapper.framework; includeInIndex = 0; path = Human_Apps_Test_UI.framework; sourceTree = BUILT_PRODUCTS_DIR; };
		40AF62F02C69177B005C4393 /* Human_Apps_Test_UI.h */ = {isa = PBXFileReference; lastKnownFileType = sourcecode.c.h; path = Human_Apps_Test_UI.h; sourceTree = "<group>"; };
		40AF62FA2C691A9E005C4393 /* TabBarViewController.swift */ = {isa = PBXFileReference; lastKnownFileType = sourcecode.swift; path = TabBarViewController.swift; sourceTree = "<group>"; };
		40AF63062C691C9F005C4393 /* MainRouter.swift */ = {isa = PBXFileReference; lastKnownFileType = sourcecode.swift; path = MainRouter.swift; sourceTree = "<group>"; };
		40AF630E2C691F17005C4393 /* PhotoPickerPresenter.swift */ = {isa = PBXFileReference; lastKnownFileType = sourcecode.swift; path = PhotoPickerPresenter.swift; sourceTree = "<group>"; };
		40AF63122C691F5D005C4393 /* MainRouterViewModel.swift */ = {isa = PBXFileReference; lastKnownFileType = sourcecode.swift; path = MainRouterViewModel.swift; sourceTree = "<group>"; };
		40AF63152C691F6C005C4393 /* MainRouterVM+PhotoPickerPresenter.swift */ = {isa = PBXFileReference; lastKnownFileType = sourcecode.swift; path = "MainRouterVM+PhotoPickerPresenter.swift"; sourceTree = "<group>"; };
		40AF631A2C692073005C4393 /* MainViewControllerView.swift */ = {isa = PBXFileReference; lastKnownFileType = sourcecode.swift; path = MainViewControllerView.swift; sourceTree = "<group>"; };
		40AF631C2C69207A005C4393 /* MainViewController.swift */ = {isa = PBXFileReference; lastKnownFileType = sourcecode.swift; path = MainViewController.swift; sourceTree = "<group>"; };
		40AF631E2C692080005C4393 /* MainViewModel.swift */ = {isa = PBXFileReference; lastKnownFileType = sourcecode.swift; path = MainViewModel.swift; sourceTree = "<group>"; };
		40AF63232C6922C3005C4393 /* SystemAlertPresenter.swift */ = {isa = PBXFileReference; lastKnownFileType = sourcecode.swift; path = SystemAlertPresenter.swift; sourceTree = "<group>"; };
		40AF63262C6922FC005C4393 /* Typealiases.swift */ = {isa = PBXFileReference; lastKnownFileType = sourcecode.swift; path = Typealiases.swift; sourceTree = "<group>"; };
		40AF632D2C692351005C4393 /* SettingsRouterVM+SystemAlertPresenter.swift */ = {isa = PBXFileReference; lastKnownFileType = sourcecode.swift; path = "SettingsRouterVM+SystemAlertPresenter.swift"; sourceTree = "<group>"; };
		40AF632F2C69235A005C4393 /* SettingsRouterViewModel.swift */ = {isa = PBXFileReference; lastKnownFileType = sourcecode.swift; path = SettingsRouterViewModel.swift; sourceTree = "<group>"; };
		40AF63312C692360005C4393 /* SettingsRouter.swift */ = {isa = PBXFileReference; lastKnownFileType = sourcecode.swift; path = SettingsRouter.swift; sourceTree = "<group>"; };
		40AF63372C6924B5005C4393 /* SettingsMainViewModel.swift */ = {isa = PBXFileReference; lastKnownFileType = sourcecode.swift; path = SettingsMainViewModel.swift; sourceTree = "<group>"; };
		40AF633A2C6924C3005C4393 /* SettingsMainVM+Navigation.swift */ = {isa = PBXFileReference; lastKnownFileType = sourcecode.swift; path = "SettingsMainVM+Navigation.swift"; sourceTree = "<group>"; };
		40AF633C2C692522005C4393 /* MainVM+Navigation.swift */ = {isa = PBXFileReference; lastKnownFileType = sourcecode.swift; path = "MainVM+Navigation.swift"; sourceTree = "<group>"; };
		40AF63402C692571005C4393 /* SettingsMainViewControllerView.swift */ = {isa = PBXFileReference; lastKnownFileType = sourcecode.swift; path = SettingsMainViewControllerView.swift; sourceTree = "<group>"; };
		40AF63422C692583005C4393 /* SettingsMainViewController.swift */ = {isa = PBXFileReference; lastKnownFileType = sourcecode.swift; path = SettingsMainViewController.swift; sourceTree = "<group>"; };
		40AF63642C692772005C4393 /* Human_Apps_Test_Core.framework */ = {isa = PBXFileReference; explicitFileType = wrapper.framework; path = Human_Apps_Test_Core.framework; sourceTree = BUILT_PRODUCTS_DIR; };
		40AF63682C6929DD005C4393 /* MainVM+PhotoPicker.swift */ = {isa = PBXFileReference; lastKnownFileType = sourcecode.swift; path = "MainVM+PhotoPicker.swift"; sourceTree = "<group>"; };
		40AF636A2C692B5C005C4393 /* MainRouterVM+SystemAlertPresenter.swift */ = {isa = PBXFileReference; lastKnownFileType = sourcecode.swift; path = "MainRouterVM+SystemAlertPresenter.swift"; sourceTree = "<group>"; };
		40F415102C6E51EA008B2CD5 /* HighlightedButton.swift */ = {isa = PBXFileReference; lastKnownFileType = sourcecode.swift; path = HighlightedButton.swift; sourceTree = "<group>"; };
		40F415142C6E5C3D008B2CD5 /* MainViewWithImage.swift */ = {isa = PBXFileReference; lastKnownFileType = sourcecode.swift; path = MainViewWithImage.swift; sourceTree = "<group>"; };
/* End PBXFileReference section */

/* Begin PBXFrameworksBuildPhase section */
		40AF62EA2C69177B005C4393 /* Frameworks */ = {
			isa = PBXFrameworksBuildPhase;
			buildActionMask = 2147483647;
			files = (
				40AF63652C692772005C4393 /* Human_Apps_Test_Core.framework in Frameworks */,
			);
			runOnlyForDeploymentPostprocessing = 0;
		};
/* End PBXFrameworksBuildPhase section */

/* Begin PBXGroup section */
		40AF62E32C69177B005C4393 = {
			isa = PBXGroup;
			children = (
				40AF62EF2C69177B005C4393 /* Human Apps Test UI */,
				40AF62EE2C69177B005C4393 /* Products */,
				40AF63632C692772005C4393 /* Frameworks */,
			);
			sourceTree = "<group>";
		};
		40AF62EE2C69177B005C4393 /* Products */ = {
			isa = PBXGroup;
			children = (
				40AF62ED2C69177B005C4393 /* Human_Apps_Test_UI.framework */,
			);
			name = Products;
			sourceTree = "<group>";
		};
		40AF62EF2C69177B005C4393 /* Human Apps Test UI */ = {
			isa = PBXGroup;
			children = (
				40AF630C2C691EF9005C4393 /* Helpers */,
				40AF62F72C6919ED005C4393 /* Tab Bar Screens */,
				40AF62F02C69177B005C4393 /* Human_Apps_Test_UI.h */,
			);
			path = "Human Apps Test UI";
			sourceTree = "<group>";
		};
		40AF62F72C6919ED005C4393 /* Tab Bar Screens */ = {
			isa = PBXGroup;
			children = (
				40AF63282C692329005C4393 /* Settings Screens */,
				40AF63042C691C59005C4393 /* Main Screens */,
				40AF62F82C691A28005C4393 /* Tab Bar */,
			);
			path = "Tab Bar Screens";
			sourceTree = "<group>";
		};
		40AF62F82C691A28005C4393 /* Tab Bar */ = {
			isa = PBXGroup;
			children = (
				40AF62F92C691A7C005C4393 /* Controller */,
			);
			path = "Tab Bar";
			sourceTree = "<group>";
		};
		40AF62F92C691A7C005C4393 /* Controller */ = {
			isa = PBXGroup;
			children = (
				40AF62FA2C691A9E005C4393 /* TabBarViewController.swift */,
			);
			path = Controller;
			sourceTree = "<group>";
		};
		40AF63042C691C59005C4393 /* Main Screens */ = {
			isa = PBXGroup;
			children = (
				40AF630B2C691E07005C4393 /* Main */,
				40AF63052C691C94005C4393 /* Main Router */,
			);
			path = "Main Screens";
			sourceTree = "<group>";
		};
		40AF63052C691C94005C4393 /* Main Router */ = {
			isa = PBXGroup;
			children = (
				40AF63112C691F44005C4393 /* View Model */,
				40AF63102C691F3D005C4393 /* Router */,
			);
			path = "Main Router";
			sourceTree = "<group>";
		};
		40AF630B2C691E07005C4393 /* Main */ = {
			isa = PBXGroup;
			children = (
				40AF63192C692069005C4393 /* Presentation */,
				40AF63182C692061005C4393 /* Controller */,
				40AF63172C69205C005C4393 /* Views */,
			);
			path = Main;
			sourceTree = "<group>";
		};
		40AF630C2C691EF9005C4393 /* Helpers */ = {
			isa = PBXGroup;
			children = (
				40F4150F2C6E51E1008B2CD5 /* Views */,
				40AF63252C6922F4005C4393 /* Typealiases */,
				40AF630D2C691EFE005C4393 /* Protocols */,
			);
			path = Helpers;
			sourceTree = "<group>";
		};
		40AF630D2C691EFE005C4393 /* Protocols */ = {
			isa = PBXGroup;
			children = (
				40AF630E2C691F17005C4393 /* PhotoPickerPresenter.swift */,
				40AF63232C6922C3005C4393 /* SystemAlertPresenter.swift */,
			);
			path = Protocols;
			sourceTree = "<group>";
		};
		40AF63102C691F3D005C4393 /* Router */ = {
			isa = PBXGroup;
			children = (
				40AF63062C691C9F005C4393 /* MainRouter.swift */,
			);
			path = Router;
			sourceTree = "<group>";
		};
		40AF63112C691F44005C4393 /* View Model */ = {
			isa = PBXGroup;
			children = (
				40AF63142C691F5F005C4393 /* Helpers */,
				40AF63122C691F5D005C4393 /* MainRouterViewModel.swift */,
			);
			path = "View Model";
			sourceTree = "<group>";
		};
		40AF63142C691F5F005C4393 /* Helpers */ = {
			isa = PBXGroup;
			children = (
				40AF63152C691F6C005C4393 /* MainRouterVM+PhotoPickerPresenter.swift */,
				40AF636A2C692B5C005C4393 /* MainRouterVM+SystemAlertPresenter.swift */,
			);
			path = Helpers;
			sourceTree = "<group>";
		};
		40AF63172C69205C005C4393 /* Views */ = {
			isa = PBXGroup;
			children = (
				40F415132C6E5C29008B2CD5 /* Helpers */,
				40F415122C6E5C24008B2CD5 /* Main */,
			);
			path = Views;
			sourceTree = "<group>";
		};
		40AF63182C692061005C4393 /* Controller */ = {
			isa = PBXGroup;
			children = (
				40AF631C2C69207A005C4393 /* MainViewController.swift */,
			);
			path = Controller;
			sourceTree = "<group>";
		};
		40AF63192C692069005C4393 /* Presentation */ = {
			isa = PBXGroup;
			children = (
				40AF63202C692140005C4393 /* Helpers */,
				40AF631E2C692080005C4393 /* MainViewModel.swift */,
			);
			path = Presentation;
			sourceTree = "<group>";
		};
		40AF63202C692140005C4393 /* Helpers */ = {
			isa = PBXGroup;
			children = (
				40AF633C2C692522005C4393 /* MainVM+Navigation.swift */,
				40AF63682C6929DD005C4393 /* MainVM+PhotoPicker.swift */,
			);
			path = Helpers;
			sourceTree = "<group>";
		};
		40AF63252C6922F4005C4393 /* Typealiases */ = {
			isa = PBXGroup;
			children = (
				40AF63262C6922FC005C4393 /* Typealiases.swift */,
			);
			path = Typealiases;
			sourceTree = "<group>";
		};
		40AF63282C692329005C4393 /* Settings Screens */ = {
			isa = PBXGroup;
			children = (
				40AF63332C692495005C4393 /* Settings Main */,
				40AF63292C692330005C4393 /* Settings Router */,
			);
			path = "Settings Screens";
			sourceTree = "<group>";
		};
		40AF63292C692330005C4393 /* Settings Router */ = {
			isa = PBXGroup;
			children = (
				40AF632B2C69233C005C4393 /* View Model */,
				40AF632A2C692337005C4393 /* Router */,
			);
			path = "Settings Router";
			sourceTree = "<group>";
		};
		40AF632A2C692337005C4393 /* Router */ = {
			isa = PBXGroup;
			children = (
				40AF63312C692360005C4393 /* SettingsRouter.swift */,
			);
			path = Router;
			sourceTree = "<group>";
		};
		40AF632B2C69233C005C4393 /* View Model */ = {
			isa = PBXGroup;
			children = (
				40AF632C2C692340005C4393 /* Helpers */,
				40AF632F2C69235A005C4393 /* SettingsRouterViewModel.swift */,
			);
			path = "View Model";
			sourceTree = "<group>";
		};
		40AF632C2C692340005C4393 /* Helpers */ = {
			isa = PBXGroup;
			children = (
				40AF632D2C692351005C4393 /* SettingsRouterVM+SystemAlertPresenter.swift */,
			);
			path = Helpers;
			sourceTree = "<group>";
		};
		40AF63332C692495005C4393 /* Settings Main */ = {
			isa = PBXGroup;
			children = (
				40AF63362C6924A4005C4393 /* Presentation */,
				40AF63352C6924A0005C4393 /* Controller */,
				40AF63342C69249B005C4393 /* Views */,
			);
			path = "Settings Main";
			sourceTree = "<group>";
		};
		40AF63342C69249B005C4393 /* Views */ = {
			isa = PBXGroup;
			children = (
				40AF63402C692571005C4393 /* SettingsMainViewControllerView.swift */,
			);
			path = Views;
			sourceTree = "<group>";
		};
		40AF63352C6924A0005C4393 /* Controller */ = {
			isa = PBXGroup;
			children = (
				40AF63422C692583005C4393 /* SettingsMainViewController.swift */,
			);
			path = Controller;
			sourceTree = "<group>";
		};
		40AF63362C6924A4005C4393 /* Presentation */ = {
			isa = PBXGroup;
			children = (
				40AF63392C6924BA005C4393 /* Helpers */,
				40AF63372C6924B5005C4393 /* SettingsMainViewModel.swift */,
			);
			path = Presentation;
			sourceTree = "<group>";
		};
		40AF63392C6924BA005C4393 /* Helpers */ = {
			isa = PBXGroup;
			children = (
				40AF633A2C6924C3005C4393 /* SettingsMainVM+Navigation.swift */,
			);
			path = Helpers;
			sourceTree = "<group>";
		};
		40AF63632C692772005C4393 /* Frameworks */ = {
			isa = PBXGroup;
			children = (
				40AF63642C692772005C4393 /* Human_Apps_Test_Core.framework */,
			);
			name = Frameworks;
			sourceTree = "<group>";
		};
		40F4150F2C6E51E1008B2CD5 /* Views */ = {
			isa = PBXGroup;
			children = (
				40F415102C6E51EA008B2CD5 /* HighlightedButton.swift */,
			);
			path = Views;
			sourceTree = "<group>";
		};
		40F415122C6E5C24008B2CD5 /* Main */ = {
			isa = PBXGroup;
			children = (
				40AF631A2C692073005C4393 /* MainViewControllerView.swift */,
			);
			path = Main;
			sourceTree = "<group>";
		};
		40F415132C6E5C29008B2CD5 /* Helpers */ = {
			isa = PBXGroup;
			children = (
				40F415142C6E5C3D008B2CD5 /* MainViewWithImage.swift */,
			);
			path = Helpers;
			sourceTree = "<group>";
		};
/* End PBXGroup section */

/* Begin PBXHeadersBuildPhase section */
		40AF62E82C69177B005C4393 /* Headers */ = {
			isa = PBXHeadersBuildPhase;
			buildActionMask = 2147483647;
			files = (
				40AF62F12C69177B005C4393 /* Human_Apps_Test_UI.h in Headers */,
			);
			runOnlyForDeploymentPostprocessing = 0;
		};
/* End PBXHeadersBuildPhase section */

/* Begin PBXNativeTarget section */
		40AF62EC2C69177B005C4393 /* Human Apps Test UI */ = {
			isa = PBXNativeTarget;
			buildConfigurationList = 40AF62F42C69177B005C4393 /* Build configuration list for PBXNativeTarget "Human Apps Test UI" */;
			buildPhases = (
				40AF62E82C69177B005C4393 /* Headers */,
				40AF62E92C69177B005C4393 /* Sources */,
				40AF62EA2C69177B005C4393 /* Frameworks */,
				40AF62EB2C69177B005C4393 /* Resources */,
			);
			buildRules = (
			);
			dependencies = (
			);
			name = "Human Apps Test UI";
			productName = "Human Apps Test UI";
			productReference = 40AF62ED2C69177B005C4393 /* Human_Apps_Test_UI.framework */;
			productType = "com.apple.product-type.framework";
		};
/* End PBXNativeTarget section */

/* Begin PBXProject section */
		40AF62E42C69177B005C4393 /* Project object */ = {
			isa = PBXProject;
			attributes = {
				BuildIndependentTargetsInParallel = 1;
				LastUpgradeCheck = 1540;
				TargetAttributes = {
					40AF62EC2C69177B005C4393 = {
						CreatedOnToolsVersion = 15.4;
						LastSwiftMigration = 1540;
					};
				};
			};
			buildConfigurationList = 40AF62E72C69177B005C4393 /* Build configuration list for PBXProject "Human Apps Test UI" */;
			compatibilityVersion = "Xcode 14.0";
			developmentRegion = en;
			hasScannedForEncodings = 0;
			knownRegions = (
				en,
				Base,
			);
			mainGroup = 40AF62E32C69177B005C4393;
			productRefGroup = 40AF62EE2C69177B005C4393 /* Products */;
			projectDirPath = "";
			projectRoot = "";
			targets = (
				40AF62EC2C69177B005C4393 /* Human Apps Test UI */,
			);
		};
/* End PBXProject section */

/* Begin PBXResourcesBuildPhase section */
		40AF62EB2C69177B005C4393 /* Resources */ = {
			isa = PBXResourcesBuildPhase;
			buildActionMask = 2147483647;
			files = (
			);
			runOnlyForDeploymentPostprocessing = 0;
		};
/* End PBXResourcesBuildPhase section */

/* Begin PBXSourcesBuildPhase section */
		40AF62E92C69177B005C4393 /* Sources */ = {
			isa = PBXSourcesBuildPhase;
			buildActionMask = 2147483647;
			files = (
				40AF631D2C69207A005C4393 /* MainViewController.swift in Sources */,
				40F415112C6E51EA008B2CD5 /* HighlightedButton.swift in Sources */,
				40AF62FB2C691A9E005C4393 /* TabBarViewController.swift in Sources */,
				40AF63432C692583005C4393 /* SettingsMainViewController.swift in Sources */,
				40AF63322C692360005C4393 /* SettingsRouter.swift in Sources */,
				40F415152C6E5C3D008B2CD5 /* MainViewWithImage.swift in Sources */,
				40AF630F2C691F17005C4393 /* PhotoPickerPresenter.swift in Sources */,
				40AF63412C692571005C4393 /* SettingsMainViewControllerView.swift in Sources */,
				40AF63302C69235A005C4393 /* SettingsRouterViewModel.swift in Sources */,
				40AF63382C6924B5005C4393 /* SettingsMainViewModel.swift in Sources */,
				40AF63242C6922C3005C4393 /* SystemAlertPresenter.swift in Sources */,
				40AF631B2C692073005C4393 /* MainViewControllerView.swift in Sources */,
				40AF63132C691F5D005C4393 /* MainRouterViewModel.swift in Sources */,
				40AF636B2C692B5C005C4393 /* MainRouterVM+SystemAlertPresenter.swift in Sources */,
				40AF63272C6922FC005C4393 /* Typealiases.swift in Sources */,
				40AF63162C691F6C005C4393 /* MainRouterVM+PhotoPickerPresenter.swift in Sources */,
				40AF63072C691C9F005C4393 /* MainRouter.swift in Sources */,
				40AF631F2C692080005C4393 /* MainViewModel.swift in Sources */,
				40AF633D2C692522005C4393 /* MainVM+Navigation.swift in Sources */,
				40AF633B2C6924C3005C4393 /* SettingsMainVM+Navigation.swift in Sources */,
				40AF632E2C692351005C4393 /* SettingsRouterVM+SystemAlertPresenter.swift in Sources */,
				40AF63692C6929DD005C4393 /* MainVM+PhotoPicker.swift in Sources */,
			);
			runOnlyForDeploymentPostprocessing = 0;
		};
/* End PBXSourcesBuildPhase section */

/* Begin XCBuildConfiguration section */
		40AF62F22C69177B005C4393 /* Debug */ = {
			isa = XCBuildConfiguration;
			buildSettings = {
				ALWAYS_SEARCH_USER_PATHS = NO;
				ASSETCATALOG_COMPILER_GENERATE_SWIFT_ASSET_SYMBOL_EXTENSIONS = YES;
				CLANG_ANALYZER_NONNULL = YES;
				CLANG_ANALYZER_NUMBER_OBJECT_CONVERSION = YES_AGGRESSIVE;
				CLANG_CXX_LANGUAGE_STANDARD = "gnu++20";
				CLANG_ENABLE_MODULES = YES;
				CLANG_ENABLE_OBJC_ARC = YES;
				CLANG_ENABLE_OBJC_WEAK = YES;
				CLANG_WARN_BLOCK_CAPTURE_AUTORELEASING = YES;
				CLANG_WARN_BOOL_CONVERSION = YES;
				CLANG_WARN_COMMA = YES;
				CLANG_WARN_CONSTANT_CONVERSION = YES;
				CLANG_WARN_DEPRECATED_OBJC_IMPLEMENTATIONS = YES;
				CLANG_WARN_DIRECT_OBJC_ISA_USAGE = YES_ERROR;
				CLANG_WARN_DOCUMENTATION_COMMENTS = YES;
				CLANG_WARN_EMPTY_BODY = YES;
				CLANG_WARN_ENUM_CONVERSION = YES;
				CLANG_WARN_INFINITE_RECURSION = YES;
				CLANG_WARN_INT_CONVERSION = YES;
				CLANG_WARN_NON_LITERAL_NULL_CONVERSION = YES;
				CLANG_WARN_OBJC_IMPLICIT_RETAIN_SELF = YES;
				CLANG_WARN_OBJC_LITERAL_CONVERSION = YES;
				CLANG_WARN_OBJC_ROOT_CLASS = YES_ERROR;
				CLANG_WARN_QUOTED_INCLUDE_IN_FRAMEWORK_HEADER = YES;
				CLANG_WARN_RANGE_LOOP_ANALYSIS = YES;
				CLANG_WARN_STRICT_PROTOTYPES = YES;
				CLANG_WARN_SUSPICIOUS_MOVE = YES;
				CLANG_WARN_UNGUARDED_AVAILABILITY = YES_AGGRESSIVE;
				CLANG_WARN_UNREACHABLE_CODE = YES;
				CLANG_WARN__DUPLICATE_METHOD_MATCH = YES;
				COPY_PHASE_STRIP = NO;
				CURRENT_PROJECT_VERSION = 1;
				DEBUG_INFORMATION_FORMAT = dwarf;
				ENABLE_STRICT_OBJC_MSGSEND = YES;
				ENABLE_TESTABILITY = YES;
				ENABLE_USER_SCRIPT_SANDBOXING = YES;
				GCC_C_LANGUAGE_STANDARD = gnu17;
				GCC_DYNAMIC_NO_PIC = NO;
				GCC_NO_COMMON_BLOCKS = YES;
				GCC_OPTIMIZATION_LEVEL = 0;
				GCC_PREPROCESSOR_DEFINITIONS = (
					"DEBUG=1",
					"$(inherited)",
				);
				GCC_WARN_64_TO_32_BIT_CONVERSION = YES;
				GCC_WARN_ABOUT_RETURN_TYPE = YES_ERROR;
				GCC_WARN_UNDECLARED_SELECTOR = YES;
				GCC_WARN_UNINITIALIZED_AUTOS = YES_AGGRESSIVE;
				GCC_WARN_UNUSED_FUNCTION = YES;
				GCC_WARN_UNUSED_VARIABLE = YES;
				IPHONEOS_DEPLOYMENT_TARGET = 17.5;
				LOCALIZATION_PREFERS_STRING_CATALOGS = YES;
				MTL_ENABLE_DEBUG_INFO = INCLUDE_SOURCE;
				MTL_FAST_MATH = YES;
				ONLY_ACTIVE_ARCH = YES;
				SDKROOT = iphoneos;
				SWIFT_ACTIVE_COMPILATION_CONDITIONS = "DEBUG $(inherited)";
				SWIFT_OPTIMIZATION_LEVEL = "-Onone";
				VERSIONING_SYSTEM = "apple-generic";
				VERSION_INFO_PREFIX = "";
			};
			name = Debug;
		};
		40AF62F32C69177B005C4393 /* Release */ = {
			isa = XCBuildConfiguration;
			buildSettings = {
				ALWAYS_SEARCH_USER_PATHS = NO;
				ASSETCATALOG_COMPILER_GENERATE_SWIFT_ASSET_SYMBOL_EXTENSIONS = YES;
				CLANG_ANALYZER_NONNULL = YES;
				CLANG_ANALYZER_NUMBER_OBJECT_CONVERSION = YES_AGGRESSIVE;
				CLANG_CXX_LANGUAGE_STANDARD = "gnu++20";
				CLANG_ENABLE_MODULES = YES;
				CLANG_ENABLE_OBJC_ARC = YES;
				CLANG_ENABLE_OBJC_WEAK = YES;
				CLANG_WARN_BLOCK_CAPTURE_AUTORELEASING = YES;
				CLANG_WARN_BOOL_CONVERSION = YES;
				CLANG_WARN_COMMA = YES;
				CLANG_WARN_CONSTANT_CONVERSION = YES;
				CLANG_WARN_DEPRECATED_OBJC_IMPLEMENTATIONS = YES;
				CLANG_WARN_DIRECT_OBJC_ISA_USAGE = YES_ERROR;
				CLANG_WARN_DOCUMENTATION_COMMENTS = YES;
				CLANG_WARN_EMPTY_BODY = YES;
				CLANG_WARN_ENUM_CONVERSION = YES;
				CLANG_WARN_INFINITE_RECURSION = YES;
				CLANG_WARN_INT_CONVERSION = YES;
				CLANG_WARN_NON_LITERAL_NULL_CONVERSION = YES;
				CLANG_WARN_OBJC_IMPLICIT_RETAIN_SELF = YES;
				CLANG_WARN_OBJC_LITERAL_CONVERSION = YES;
				CLANG_WARN_OBJC_ROOT_CLASS = YES_ERROR;
				CLANG_WARN_QUOTED_INCLUDE_IN_FRAMEWORK_HEADER = YES;
				CLANG_WARN_RANGE_LOOP_ANALYSIS = YES;
				CLANG_WARN_STRICT_PROTOTYPES = YES;
				CLANG_WARN_SUSPICIOUS_MOVE = YES;
				CLANG_WARN_UNGUARDED_AVAILABILITY = YES_AGGRESSIVE;
				CLANG_WARN_UNREACHABLE_CODE = YES;
				CLANG_WARN__DUPLICATE_METHOD_MATCH = YES;
				COPY_PHASE_STRIP = NO;
				CURRENT_PROJECT_VERSION = 1;
				DEBUG_INFORMATION_FORMAT = "dwarf-with-dsym";
				ENABLE_NS_ASSERTIONS = NO;
				ENABLE_STRICT_OBJC_MSGSEND = YES;
				ENABLE_USER_SCRIPT_SANDBOXING = YES;
				GCC_C_LANGUAGE_STANDARD = gnu17;
				GCC_NO_COMMON_BLOCKS = YES;
				GCC_WARN_64_TO_32_BIT_CONVERSION = YES;
				GCC_WARN_ABOUT_RETURN_TYPE = YES_ERROR;
				GCC_WARN_UNDECLARED_SELECTOR = YES;
				GCC_WARN_UNINITIALIZED_AUTOS = YES_AGGRESSIVE;
				GCC_WARN_UNUSED_FUNCTION = YES;
				GCC_WARN_UNUSED_VARIABLE = YES;
				IPHONEOS_DEPLOYMENT_TARGET = 17.5;
				LOCALIZATION_PREFERS_STRING_CATALOGS = YES;
				MTL_ENABLE_DEBUG_INFO = NO;
				MTL_FAST_MATH = YES;
				SDKROOT = iphoneos;
				SWIFT_COMPILATION_MODE = wholemodule;
				VALIDATE_PRODUCT = YES;
				VERSIONING_SYSTEM = "apple-generic";
				VERSION_INFO_PREFIX = "";
			};
			name = Release;
		};
		40AF62F52C69177B005C4393 /* Debug */ = {
			isa = XCBuildConfiguration;
			buildSettings = {
				BUILD_LIBRARY_FOR_DISTRIBUTION = YES;
				CLANG_ENABLE_MODULES = YES;
				CODE_SIGN_STYLE = Automatic;
				CURRENT_PROJECT_VERSION = 1;
				DEFINES_MODULE = YES;
				DEVELOPMENT_TEAM = Y97YKW5885;
				DYLIB_COMPATIBILITY_VERSION = 1;
				DYLIB_CURRENT_VERSION = 1;
				DYLIB_INSTALL_NAME_BASE = "@rpath";
				ENABLE_MODULE_VERIFIER = YES;
				GENERATE_INFOPLIST_FILE = YES;
				INFOPLIST_KEY_NSHumanReadableCopyright = "";
				INSTALL_PATH = "$(LOCAL_LIBRARY_DIR)/Frameworks";
				LD_RUNPATH_SEARCH_PATHS = (
					"$(inherited)",
					"@executable_path/Frameworks",
					"@loader_path/Frameworks",
				);
				MARKETING_VERSION = 1.0;
				MODULE_VERIFIER_SUPPORTED_LANGUAGES = "objective-c objective-c++";
				MODULE_VERIFIER_SUPPORTED_LANGUAGE_STANDARDS = "gnu17 gnu++20";
				PRODUCT_BUNDLE_IDENTIFIER = "luqrri.com.Human-Apps-Test-UI";
				PRODUCT_NAME = "$(TARGET_NAME:c99extidentifier)";
				SKIP_INSTALL = YES;
				SUPPORTED_PLATFORMS = "iphoneos iphonesimulator";
				SUPPORTS_MACCATALYST = NO;
				SUPPORTS_MAC_DESIGNED_FOR_IPHONE_IPAD = NO;
				SUPPORTS_XR_DESIGNED_FOR_IPHONE_IPAD = NO;
				SWIFT_EMIT_LOC_STRINGS = YES;
				SWIFT_INSTALL_OBJC_HEADER = NO;
				SWIFT_OPTIMIZATION_LEVEL = "-Onone";
				SWIFT_VERSION = 5.0;
				TARGETED_DEVICE_FAMILY = 1;
			};
			name = Debug;
		};
		40AF62F62C69177B005C4393 /* Release */ = {
			isa = XCBuildConfiguration;
			buildSettings = {
				BUILD_LIBRARY_FOR_DISTRIBUTION = YES;
				CLANG_ENABLE_MODULES = YES;
				CODE_SIGN_STYLE = Automatic;
				CURRENT_PROJECT_VERSION = 1;
				DEFINES_MODULE = YES;
				DEVELOPMENT_TEAM = Y97YKW5885;
				DYLIB_COMPATIBILITY_VERSION = 1;
				DYLIB_CURRENT_VERSION = 1;
				DYLIB_INSTALL_NAME_BASE = "@rpath";
				ENABLE_MODULE_VERIFIER = YES;
				GENERATE_INFOPLIST_FILE = YES;
				INFOPLIST_KEY_NSHumanReadableCopyright = "";
				INSTALL_PATH = "$(LOCAL_LIBRARY_DIR)/Frameworks";
				LD_RUNPATH_SEARCH_PATHS = (
					"$(inherited)",
					"@executable_path/Frameworks",
					"@loader_path/Frameworks",
				);
				MARKETING_VERSION = 1.0;
				MODULE_VERIFIER_SUPPORTED_LANGUAGES = "objective-c objective-c++";
				MODULE_VERIFIER_SUPPORTED_LANGUAGE_STANDARDS = "gnu17 gnu++20";
				PRODUCT_BUNDLE_IDENTIFIER = "luqrri.com.Human-Apps-Test-UI";
				PRODUCT_NAME = "$(TARGET_NAME:c99extidentifier)";
				SKIP_INSTALL = YES;
				SUPPORTED_PLATFORMS = "iphoneos iphonesimulator";
				SUPPORTS_MACCATALYST = NO;
				SUPPORTS_MAC_DESIGNED_FOR_IPHONE_IPAD = NO;
				SUPPORTS_XR_DESIGNED_FOR_IPHONE_IPAD = NO;
				SWIFT_EMIT_LOC_STRINGS = YES;
				SWIFT_INSTALL_OBJC_HEADER = NO;
				SWIFT_VERSION = 5.0;
				TARGETED_DEVICE_FAMILY = 1;
			};
			name = Release;
		};
/* End XCBuildConfiguration section */

/* Begin XCConfigurationList section */
		40AF62E72C69177B005C4393 /* Build configuration list for PBXProject "Human Apps Test UI" */ = {
			isa = XCConfigurationList;
			buildConfigurations = (
				40AF62F22C69177B005C4393 /* Debug */,
				40AF62F32C69177B005C4393 /* Release */,
			);
			defaultConfigurationIsVisible = 0;
			defaultConfigurationName = Release;
		};
		40AF62F42C69177B005C4393 /* Build configuration list for PBXNativeTarget "Human Apps Test UI" */ = {
			isa = XCConfigurationList;
			buildConfigurations = (
				40AF62F52C69177B005C4393 /* Debug */,
				40AF62F62C69177B005C4393 /* Release */,
			);
			defaultConfigurationIsVisible = 0;
			defaultConfigurationName = Release;
		};
/* End XCConfigurationList section */
	};
	rootObject = 40AF62E42C69177B005C4393 /* Project object */;
}
